{
	"name": "smartplaycue",
	"version": "2.5.1",
	"lockfileVersion": 3,
	"requires": true,
	"packages": {
		"": {
			"name": "smartplaycue",
			"version": "2.5.1",
			"license": "UNLICENSED",
			"dependencies": {
				"@companion-module/base": "~2.1.3"
			},
			"engines": {
				"node": ">=18"
			}
		},
		"node_modules/@companion-module/base": {
			"version": "2.1.3",
			"resolved": "https://registry.npmjs.org/@companion-module/base/-/base-2.1.3.tgz",
			"integrity": "sha512-/Sf4qL+e3fSf3abcqIcMUQSTCO4tytdImQ+mUl2c0hJh3V+ne/audMtJX8NIHoJGlHgJOAMv5Xt6QFYiyJ4o3g==",
			"license": "MIT",
			"dependencies": {
				"colord": "^2.9.3"
			},
			"engines": {
				"node": "^22.20 || ^26.5"
			}
		},
		"node_modules/colord": {
			"version": "2.10.0",
			"resolved": "https://registry.npmjs.org/colord/-/colord-2.10.0.tgz",
			"integrity": "sha512-AidJptpBJmjTclAp9BkLwJi0T93fo5epJnbaZslpg6QVzpHjAiveF55mE9AcUJiGMqRHgMDY8soMsQtuNYMHfw==",
			"license": "MIT"
		}
	}
}
